
Microsoft Visual Studio Solution File, Format Version 12.00
# Visual Studio Version 16
VisualStudioVersion = 16.0.30621.155
MinimumVisualStudioVersion = 10.0.40219.1
Project("{F184B08F-C81C-45F6-A57F-5ABD9991F28F}") = "Sistema Controle de DIreitos Facesg SI", "Sistema Controle de DIreitos Facesg SI\Sistema Controle de DIreitos Facesg SI.vbproj", "{914F3D96-D44C-4AC2-A88A-C6DCAFEF192E}"
EndProject
Global
	GlobalSection(SolutionConfigurationPlatforms) = preSolution
		Debug|Any CPU = Debug|Any CPU
		Release|Any CPU = Release|Any CPU
	EndGlobalSection
	GlobalSection(ProjectConfigurationPlatforms) = postSolution
		{914F3D96-D44C-4AC2-A88A-C6DCAFEF192E}.Debug|Any CPU.ActiveCfg = Debug|Any CPU
		{914F3D96-D44C-4AC2-A88A-C6DCAFEF192E}.Debug|Any CPU.Build.0 = Debug|Any CPU
		{914F3D96-D44C-4AC2-A88A-C6DCAFEF192E}.Release|Any CPU.ActiveCfg = Release|Any CPU
		{914F3D96-D44C-4AC2-A88A-C6DCAFEF192E}.Release|Any CPU.Build.0 = Release|Any CPU
	EndGlobalSection
	GlobalSection(SolutionProperties) = preSolution
		HideSolutionNode = FALSE
	EndGlobalSection
	GlobalSection(ExtensibilityGlobals) = postSolution
		SolutionGuid = {04F94123-E508-4C15-BCF3-3775C1D55979}
	EndGlobalSection
EndGlobal
